
Microsoft Visual Studio Solution File, Format Version 12.00
# Visual Studio 15
VisualStudioVersion = 15.0.27703.2047
MinimumVisualStudioVersion = 10.0.40219.1
Project("{9A19103F-16F7-4668-BE54-9A1E7A4F7556}") = "Application.Server", "src\Application.Server\Application.Server.csproj", "{A08916CB-8339-41C3-BD65-CD48C9147B8F}"
EndProject
Project("{9A19103F-16F7-4668-BE54-9A1E7A4F7556}") = "Application.Client", "src\Application.Client\Application.Client.csproj", "{358D7C70-9ED6-4B09-A518-87D8A690E502}"
EndProject
Project("{9A19103F-16F7-4668-BE54-9A1E7A4F7556}") = "Application.Shared", "src\Application.Shared\Application.Shared.csproj", "{1039BF60-BD5E-4490-B3E1-F545B1DE633D}"
EndProject
Global
	GlobalSection(SolutionConfigurationPlatforms) = preSolution
		Debug|Any CPU = Debug|Any CPU
		Release|Any CPU = Release|Any CPU
	EndGlobalSection
	GlobalSection(ProjectConfigurationPlatforms) = postSolution
		{A08916CB-8339-41C3-BD65-CD48C9147B8F}.Debug|Any CPU.ActiveCfg = Debug|Any CPU
		{A08916CB-8339-41C3-BD65-CD48C9147B8F}.Debug|Any CPU.Build.0 = Debug|Any CPU
		{A08916CB-8339-41C3-BD65-CD48C9147B8F}.Release|Any CPU.ActiveCfg = Release|Any CPU
		{A08916CB-8339-41C3-BD65-CD48C9147B8F}.Release|Any CPU.Build.0 = Release|Any CPU
		{358D7C70-9ED6-4B09-A518-87D8A690E502}.Debug|Any CPU.ActiveCfg = Debug|Any CPU
		{358D7C70-9ED6-4B09-A518-87D8A690E502}.Debug|Any CPU.Build.0 = Debug|Any CPU
		{358D7C70-9ED6-4B09-A518-87D8A690E502}.Release|Any CPU.ActiveCfg = Release|Any CPU
		{358D7C70-9ED6-4B09-A518-87D8A690E502}.Release|Any CPU.Build.0 = Release|Any CPU
		{1039BF60-BD5E-4490-B3E1-F545B1DE633D}.Debug|Any CPU.ActiveCfg = Debug|Any CPU
		{1039BF60-BD5E-4490-B3E1-F545B1DE633D}.Debug|Any CPU.Build.0 = Debug|Any CPU
		{1039BF60-BD5E-4490-B3E1-F545B1DE633D}.Release|Any CPU.ActiveCfg = Release|Any CPU
		{1039BF60-BD5E-4490-B3E1-F545B1DE633D}.Release|Any CPU.Build.0 = Release|Any CPU
	EndGlobalSection
	GlobalSection(SolutionProperties) = preSolution
		HideSolutionNode = FALSE
	EndGlobalSection
	GlobalSection(ExtensibilityGlobals) = postSolution
		SolutionGuid = {B766C5E8-35A9-41B1-9330-D139474B16A2}
	EndGlobalSection
EndGlobal
